
Microsoft Visual Studio Solution File, Format Version 12.00
# Visual Studio Version 17
VisualStudioVersion = 17.0.31903.59
MinimumVisualStudioVersion = 10.0.40219.1
Project("{FAE04EC0-301F-11D3-BF4B-00C04F79EFBC}") = "FitGymTool.API", "FitGymTool.API\FitGymTool.API.csproj", "{0D61D5B2-DF4A-49DF-A757-72CADCFE1E31}"
EndProject
Project("{2150E333-8FDC-42A3-9474-1A3956D46DE8}") = "Solution Items", "Solution Items", "{8EC462FD-D22E-90A8-E5CE-7E832BA40C5D}"
	ProjectSection(SolutionItems) = preProject
		.editorconfig = .editorconfig
		.gitignore = .gitignore
	EndProjectSection
EndProject
Project("{00D1A9C2-B5F0-4AF3-8072-F6C62B433612}") = "FitGymTool.Database", "FitGymTool.Database\FitGymTool.Database.sqlproj", "{718B5D5B-5E76-4F4C-A259-69BEADBC58ED}"
EndProject
Project("{2150E333-8FDC-42A3-9474-1A3956D46DE8}") = "Core", "Core", "{FBF56CC3-7AE6-AD2D-3F14-7F97FD322CD6}"
EndProject
Project("{2150E333-8FDC-42A3-9474-1A3956D46DE8}") = "Adapters", "Adapters", "{09DF2EE5-5FE7-3EC7-59CB-CAD7E0928979}"
EndProject
Project("{FAE04EC0-301F-11D3-BF4B-00C04F79EFBC}") = "FitGymTool.API.Adapters", "FitGymTool.API.Adapters\FitGymTool.API.Adapters.csproj", "{A0493B77-A80C-4F1D-8111-D861C1E8A2F6}"
EndProject
Project("{FAE04EC0-301F-11D3-BF4B-00C04F79EFBC}") = "FitGymTool.Infrastructure.DB", "FitGymTool.Infrastructure.DB\FitGymTool.Infrastructure.DB.csproj", "{BBE93BDD-06E0-0104-E211-A8378648A5FD}"
EndProject
Project("{FAE04EC0-301F-11D3-BF4B-00C04F79EFBC}") = "FitGymTool.Domain", "FitGymTool.Domain\FitGymTool.Domain.csproj", "{BCE67ECC-895F-0AA3-8EBD-370E6E6854D4}"
EndProject
Project("{2150E333-8FDC-42A3-9474-1A3956D46DE8}") = "Tests", "Tests", "{02EA681E-C7D8-13C7-8484-4AC65E1B71E8}"
EndProject
Global
	GlobalSection(SolutionConfigurationPlatforms) = preSolution
		Debug|Any CPU = Debug|Any CPU
		Release|Any CPU = Release|Any CPU
	EndGlobalSection
	GlobalSection(ProjectConfigurationPlatforms) = postSolution
		{0D61D5B2-DF4A-49DF-A757-72CADCFE1E31}.Debug|Any CPU.ActiveCfg = Debug|Any CPU
		{0D61D5B2-DF4A-49DF-A757-72CADCFE1E31}.Debug|Any CPU.Build.0 = Debug|Any CPU
		{0D61D5B2-DF4A-49DF-A757-72CADCFE1E31}.Release|Any CPU.ActiveCfg = Release|Any CPU
		{0D61D5B2-DF4A-49DF-A757-72CADCFE1E31}.Release|Any CPU.Build.0 = Release|Any CPU
		{718B5D5B-5E76-4F4C-A259-69BEADBC58ED}.Debug|Any CPU.ActiveCfg = Debug|Any CPU
		{718B5D5B-5E76-4F4C-A259-69BEADBC58ED}.Debug|Any CPU.Build.0 = Debug|Any CPU
		{718B5D5B-5E76-4F4C-A259-69BEADBC58ED}.Debug|Any CPU.Deploy.0 = Debug|Any CPU
		{718B5D5B-5E76-4F4C-A259-69BEADBC58ED}.Release|Any CPU.ActiveCfg = Release|Any CPU
		{718B5D5B-5E76-4F4C-A259-69BEADBC58ED}.Release|Any CPU.Build.0 = Release|Any CPU
		{718B5D5B-5E76-4F4C-A259-69BEADBC58ED}.Release|Any CPU.Deploy.0 = Release|Any CPU
		{A0493B77-A80C-4F1D-8111-D861C1E8A2F6}.Debug|Any CPU.ActiveCfg = Debug|Any CPU
		{A0493B77-A80C-4F1D-8111-D861C1E8A2F6}.Debug|Any CPU.Build.0 = Debug|Any CPU
		{A0493B77-A80C-4F1D-8111-D861C1E8A2F6}.Release|Any CPU.ActiveCfg = Release|Any CPU
		{A0493B77-A80C-4F1D-8111-D861C1E8A2F6}.Release|Any CPU.Build.0 = Release|Any CPU
		{BBE93BDD-06E0-0104-E211-A8378648A5FD}.Debug|Any CPU.ActiveCfg = Debug|Any CPU
		{BBE93BDD-06E0-0104-E211-A8378648A5FD}.Debug|Any CPU.Build.0 = Debug|Any CPU
		{BBE93BDD-06E0-0104-E211-A8378648A5FD}.Release|Any CPU.ActiveCfg = Release|Any CPU
		{BBE93BDD-06E0-0104-E211-A8378648A5FD}.Release|Any CPU.Build.0 = Release|Any CPU
		{BCE67ECC-895F-0AA3-8EBD-370E6E6854D4}.Debug|Any CPU.ActiveCfg = Debug|Any CPU
		{BCE67ECC-895F-0AA3-8EBD-370E6E6854D4}.Debug|Any CPU.Build.0 = Debug|Any CPU
		{BCE67ECC-895F-0AA3-8EBD-370E6E6854D4}.Release|Any CPU.ActiveCfg = Release|Any CPU
		{BCE67ECC-895F-0AA3-8EBD-370E6E6854D4}.Release|Any CPU.Build.0 = Release|Any CPU
	EndGlobalSection
	GlobalSection(SolutionProperties) = preSolution
		HideSolutionNode = FALSE
	EndGlobalSection
	GlobalSection(NestedProjects) = preSolution
		{A0493B77-A80C-4F1D-8111-D861C1E8A2F6} = {09DF2EE5-5FE7-3EC7-59CB-CAD7E0928979}
		{BBE93BDD-06E0-0104-E211-A8378648A5FD} = {09DF2EE5-5FE7-3EC7-59CB-CAD7E0928979}
		{BCE67ECC-895F-0AA3-8EBD-370E6E6854D4} = {FBF56CC3-7AE6-AD2D-3F14-7F97FD322CD6}
	EndGlobalSection
	GlobalSection(ExtensibilityGlobals) = postSolution
		SolutionGuid = {F10EEE12-6C17-41C8-8EAB-C08DB01E502F}
	EndGlobalSection
EndGlobal
